
Microsoft Visual Studio Solution File, Format Version 12.00
# Visual Studio 15
VisualStudioVersion = 15.0.28307.421
MinimumVisualStudioVersion = 10.0.40219.1
Project("{FAE04EC0-301F-11D3-BF4B-00C04F79EFBC}") = "LisencyCode", "LisencyCode\LisencyCode.csproj", "{64CD87D6-8076-47CC-925E-A67E7ED21A8A}"
EndProject
Global
	GlobalSection(SolutionConfigurationPlatforms) = preSolution
		Debug|Any CPU = Debug|Any CPU
		Release|Any CPU = Release|Any CPU
	EndGlobalSection
	GlobalSection(ProjectConfigurationPlatforms) = postSolution
		{64CD87D6-8076-47CC-925E-A67E7ED21A8A}.Debug|Any CPU.ActiveCfg = Debug|Any CPU
		{64CD87D6-8076-47CC-925E-A67E7ED21A8A}.Debug|Any CPU.Build.0 = Debug|Any CPU
		{64CD87D6-8076-47CC-925E-A67E7ED21A8A}.Release|Any CPU.ActiveCfg = Release|Any CPU
		{64CD87D6-8076-47CC-925E-A67E7ED21A8A}.Release|Any CPU.Build.0 = Release|Any CPU
	EndGlobalSection
	GlobalSection(SolutionProperties) = preSolution
		HideSolutionNode = FALSE
	EndGlobalSection
	GlobalSection(ExtensibilityGlobals) = postSolution
		SolutionGuid = {795A5D47-B3C8-4B98-91CC-9DF97190BAA8}
	EndGlobalSection
EndGlobal
